{
  "name": "fuli2",
  "version": "1.0.0",
  "lockfileVersion": 3,
  "requires": true,
  "packages": {
    "": {
      "name": "fuli2",
      "version": "1.0.0",
      "license": "ISC",
      "dependencies": {
        "validator": "^11.0.0"
      }
    },
    "node_modules/validator": {
      "version": "11.0.0",
      "resolved": "https://registry.npmjs.org/validator/-/validator-11.0.0.tgz",
      "integrity": "sha512-+wnGLYqaKV2++nUv60uGzUJyJQwYVOin6pn1tgEiFCeCQO60yeu3Og9/yPccbBX574kxIcEJicogkzx6s6eyag==",
      "engines": {
        "node": ">= 0.10"
      }
    }
  }
}
